github.com/aarzilli/golua v0.0.0-20190714183732-fc27908ace94 h1:BdnmhcIVWErdfypFo/f9Ai2KoC2BpkLpGSyv0aquYuI=
github.com/aarzilli/golua v0.0.0-20190714183732-fc27908ace94/go.mod h1:SV7PRru1lATaCdZXNt5AZHw0uKiN1BoYBHrcctQ1Ouc=
github.com/aarzilli/golua v0.0.0-20200214131735-421e0de0aa20 h1:bvuZt14rsLws65bIf85LLfA1WHrsy+WZtP3mJZ4iw0g=
github.com/aarzilli/golua v0.0.0-20200214131735-421e0de0aa20/go.mod h1:SV7PRru1lATaCdZXNt5AZHw0uKiN1BoYBHrcctQ1Ouc=
